
Microsoft Visual Studio Solution File, Format Version 12.00
# Visual Studio 2012
Project("{FAE04EC0-301F-11D3-BF4B-00C04F79EFBC}") = "hipchat-filterer", "hipchat-filterer\hipchat-filterer.csproj", "{B4F9C525-5C56-440E-B4C2-972A33D7C8CD}"
EndProject
Project("{FAE04EC0-301F-11D3-BF4B-00C04F79EFBC}") = "hipchat-filterer-test", "hipchat-filterer-test\hipchat-filterer-test.csproj", "{0331F3D0-8165-4FD1-B455-FBDC1978DCD1}"
EndProject
Global
	GlobalSection(SolutionConfigurationPlatforms) = preSolution
		Debug|Any CPU = Debug|Any CPU
		Release|Any CPU = Release|Any CPU
	EndGlobalSection
	GlobalSection(ProjectConfigurationPlatforms) = postSolution
		{B4F9C525-5C56-440E-B4C2-972A33D7C8CD}.Debug|Any CPU.ActiveCfg = Debug|Any CPU
		{B4F9C525-5C56-440E-B4C2-972A33D7C8CD}.Debug|Any CPU.Build.0 = Debug|Any CPU
		{B4F9C525-5C56-440E-B4C2-972A33D7C8CD}.Release|Any CPU.ActiveCfg = Release|Any CPU
		{B4F9C525-5C56-440E-B4C2-972A33D7C8CD}.Release|Any CPU.Build.0 = Release|Any CPU
		{0331F3D0-8165-4FD1-B455-FBDC1978DCD1}.Debug|Any CPU.ActiveCfg = Debug|Any CPU
		{0331F3D0-8165-4FD1-B455-FBDC1978DCD1}.Debug|Any CPU.Build.0 = Debug|Any CPU
		{0331F3D0-8165-4FD1-B455-FBDC1978DCD1}.Release|Any CPU.ActiveCfg = Release|Any CPU
		{0331F3D0-8165-4FD1-B455-FBDC1978DCD1}.Release|Any CPU.Build.0 = Release|Any CPU
	EndGlobalSection
	GlobalSection(SolutionProperties) = preSolution
		HideSolutionNode = FALSE
	EndGlobalSection
EndGlobal
